
Microsoft Visual Studio Solution File, Format Version 12.00
# Visual Studio Version 16
VisualStudioVersion = 25.0.1706.7
MinimumVisualStudioVersion = 10.0.40219.1
Project("{FAE04EC0-301F-11D3-BF4B-00C04F79EFBC}") = "todolist", "todolist\todolist.csproj", "{01576022-7BDB-4E2E-AA9F-B7E8FCC26D4C}"
EndProject
Global
	GlobalSection(SolutionConfigurationPlatforms) = preSolution
		Debug|Any CPU = Debug|Any CPU
		Release|Any CPU = Release|Any CPU
	EndGlobalSection
	GlobalSection(ProjectConfigurationPlatforms) = postSolution
		{01576022-7BDB-4E2E-AA9F-B7E8FCC26D4C}.Debug|Any CPU.ActiveCfg = Debug|Any CPU
		{01576022-7BDB-4E2E-AA9F-B7E8FCC26D4C}.Debug|Any CPU.Build.0 = Debug|Any CPU
		{01576022-7BDB-4E2E-AA9F-B7E8FCC26D4C}.Release|Any CPU.ActiveCfg = Release|Any CPU
		{01576022-7BDB-4E2E-AA9F-B7E8FCC26D4C}.Release|Any CPU.Build.0 = Release|Any CPU
	EndGlobalSection
	GlobalSection(SolutionProperties) = preSolution
		HideSolutionNode = FALSE
	EndGlobalSection
	GlobalSection(ExtensibilityGlobals) = postSolution
		SolutionGuid = {41C0F2D3-FABA-4D25-B5A3-3040DB7944ED}
	EndGlobalSection
EndGlobal
